
Microsoft Visual Studio Solution File, Format Version 12.00
# Visual Studio Version 16
VisualStudioVersion = 16.0.29613.14
MinimumVisualStudioVersion = 10.0.40219.1
Project("{FAE04EC0-301F-11D3-BF4B-00C04F79EFBC}") = "MVCtest", "MVCtest\MVCtest.csproj", "{D59553C2-497D-42E4-B357-14C4D368E7AD}"
EndProject
Global
	GlobalSection(SolutionConfigurationPlatforms) = preSolution
		Debug|Any CPU = Debug|Any CPU
		Release|Any CPU = Release|Any CPU
	EndGlobalSection
	GlobalSection(ProjectConfigurationPlatforms) = postSolution
		{D59553C2-497D-42E4-B357-14C4D368E7AD}.Debug|Any CPU.ActiveCfg = Debug|Any CPU
		{D59553C2-497D-42E4-B357-14C4D368E7AD}.Debug|Any CPU.Build.0 = Debug|Any CPU
		{D59553C2-497D-42E4-B357-14C4D368E7AD}.Release|Any CPU.ActiveCfg = Release|Any CPU
		{D59553C2-497D-42E4-B357-14C4D368E7AD}.Release|Any CPU.Build.0 = Release|Any CPU
	EndGlobalSection
	GlobalSection(SolutionProperties) = preSolution
		HideSolutionNode = FALSE
	EndGlobalSection
	GlobalSection(ExtensibilityGlobals) = postSolution
		SolutionGuid = {A3207221-4FC8-4C7B-A4C4-675D7802F6A5}
	EndGlobalSection
EndGlobal
